{
  "name": "slippers",
  "version": "0.0.0",
  "lockfileVersion": 1,
  "requires": true,
  "dependencies": {
    "coffeescript": {
      "version": "2.5.1",
      "resolved": "https://repox.jfrog.io/repox/api/npm/npm/coffeescript/-/coffeescript-2.5.1.tgz",
      "integrity": "sha1-skQqHyyAYTlmlTSlStw1AQVZ0Wo=",
      "dev": true
    },
    "typescript": {
      "version": "4.0.5",
      "resolved": "https://repox.jfrog.io/repox/api/npm/npm/typescript/-/typescript-4.0.5.tgz",
      "integrity": "sha1-rp3d/RBp8ctb6z7zshcN18EzI4k=",
      "dev": true
    }
  }
}
